
Microsoft Visual Studio Solution File, Format Version 12.00
# Visual Studio Version 17
VisualStudioVersion = 17.10.35013.160
MinimumVisualStudioVersion = 10.0.40219.1
Project("{FAE04EC0-301F-11D3-BF4B-00C04F79EFBC}") = "Certify", "Certify\Certify.csproj", "{15CFADD8-5F6C-424B-81DC-C028312D025F}"
EndProject
Global
	GlobalSection(SolutionConfigurationPlatforms) = preSolution
		Debug|Any CPU = Debug|Any CPU
		Debug|x64 = Debug|x64
		Debug|x86 = Debug|x86
		Disarmed|Any CPU = Disarmed|Any CPU
		Disarmed|x64 = Disarmed|x64
		Disarmed|x86 = Disarmed|x86
		Release|Any CPU = Release|Any CPU
		Release|x64 = Release|x64
		Release|x86 = Release|x86
	EndGlobalSection
	GlobalSection(ProjectConfigurationPlatforms) = postSolution
		{15CFADD8-5F6C-424B-81DC-C028312D025F}.Debug|Any CPU.ActiveCfg = Debug|Any CPU
		{15CFADD8-5F6C-424B-81DC-C028312D025F}.Debug|Any CPU.Build.0 = Debug|Any CPU
		{15CFADD8-5F6C-424B-81DC-C028312D025F}.Debug|x64.ActiveCfg = Debug|Any CPU
		{15CFADD8-5F6C-424B-81DC-C028312D025F}.Debug|x64.Build.0 = Debug|Any CPU
		{15CFADD8-5F6C-424B-81DC-C028312D025F}.Debug|x86.ActiveCfg = Debug|Any CPU
		{15CFADD8-5F6C-424B-81DC-C028312D025F}.Debug|x86.Build.0 = Debug|Any CPU
		{15CFADD8-5F6C-424B-81DC-C028312D025F}.Disarmed|Any CPU.ActiveCfg = Disarm|Any CPU
		{15CFADD8-5F6C-424B-81DC-C028312D025F}.Disarmed|Any CPU.Build.0 = Disarm|Any CPU
		{15CFADD8-5F6C-424B-81DC-C028312D025F}.Disarmed|x64.ActiveCfg = Disarmed|Any CPU
		{15CFADD8-5F6C-424B-81DC-C028312D025F}.Disarmed|x64.Build.0 = Disarmed|Any CPU
		{15CFADD8-5F6C-424B-81DC-C028312D025F}.Disarmed|x86.ActiveCfg = Disarmed|Any CPU
		{15CFADD8-5F6C-424B-81DC-C028312D025F}.Disarmed|x86.Build.0 = Disarmed|Any CPU
		{15CFADD8-5F6C-424B-81DC-C028312D025F}.Release|Any CPU.ActiveCfg = Release|Any CPU
		{15CFADD8-5F6C-424B-81DC-C028312D025F}.Release|Any CPU.Build.0 = Release|Any CPU
		{15CFADD8-5F6C-424B-81DC-C028312D025F}.Release|x64.ActiveCfg = Release|Any CPU
		{15CFADD8-5F6C-424B-81DC-C028312D025F}.Release|x64.Build.0 = Release|Any CPU
		{15CFADD8-5F6C-424B-81DC-C028312D025F}.Release|x86.ActiveCfg = Release|Any CPU
		{15CFADD8-5F6C-424B-81DC-C028312D025F}.Release|x86.Build.0 = Release|Any CPU
	EndGlobalSection
	GlobalSection(SolutionProperties) = preSolution
		HideSolutionNode = FALSE
	EndGlobalSection
	GlobalSection(ExtensibilityGlobals) = postSolution
		SolutionGuid = {9BB010A9-8F41-4D4B-9143-7CB331CC4524}
	EndGlobalSection
EndGlobal
